
Microsoft Visual Studio Solution File, Format Version 12.00
# Visual Studio Version 17
VisualStudioVersion = 17.5.33502.453
MinimumVisualStudioVersion = 10.0.40219.1
Project("{FAE04EC0-301F-11D3-BF4B-00C04F79EFBC}") = "BTL_QL_Tuyen_Sinh_Truong_EAUT", "BTL_QL_Tuyen_Sinh_Truong_EAUT\BTL_QL_Tuyen_Sinh_Truong_EAUT.csproj", "{895C226F-7514-436B-900B-4CE054352F61}"
EndProject
Global
	GlobalSection(SolutionConfigurationPlatforms) = preSolution
		Debug|Any CPU = Debug|Any CPU
		Release|Any CPU = Release|Any CPU
	EndGlobalSection
	GlobalSection(ProjectConfigurationPlatforms) = postSolution
		{895C226F-7514-436B-900B-4CE054352F61}.Debug|Any CPU.ActiveCfg = Debug|Any CPU
		{895C226F-7514-436B-900B-4CE054352F61}.Debug|Any CPU.Build.0 = Debug|Any CPU
		{895C226F-7514-436B-900B-4CE054352F61}.Release|Any CPU.ActiveCfg = Release|Any CPU
		{895C226F-7514-436B-900B-4CE054352F61}.Release|Any CPU.Build.0 = Release|Any CPU
	EndGlobalSection
	GlobalSection(SolutionProperties) = preSolution
		HideSolutionNode = FALSE
	EndGlobalSection
	GlobalSection(ExtensibilityGlobals) = postSolution
		SolutionGuid = {3AEFA98F-1700-4244-A0C2-7251293E3ED4}
	EndGlobalSection
EndGlobal
